
Microsoft Visual Studio Solution File, Format Version 12.00
# Visual Studio Version 16
VisualStudioVersion = 16.0.30523.141
MinimumVisualStudioVersion = 10.0.40219.1
Project("{9A19103F-16F7-4668-BE54-9A1E7A4F7556}") = "Aether", "Aether\Aether.csproj", "{D7293EC4-996E-418F-838B-E2CBDC25672B}"
EndProject
Project("{9A19103F-16F7-4668-BE54-9A1E7A4F7556}") = "Aether.Tests", "Aether.Tests\Aether.Tests.csproj", "{EC1D21AE-0AB0-483C-9A47-67ABEE0213AA}"
EndProject
Project("{2150E333-8FDC-42A3-9474-1A3956D46DE8}") = "Solution Items", "Solution Items", "{1153B307-B84E-4E5F-8428-68CBCD53B5E6}"
	ProjectSection(SolutionItems) = preProject
		.circleci\config.yml = .circleci\config.yml
	EndProjectSection
EndProject
Project("{9A19103F-16F7-4668-BE54-9A1E7A4F7556}") = "Aether.TestUtils", "Aether.TestUtils\Aether.TestUtils.csproj", "{7A17D9CD-22BF-420A-8B14-75CEE27211B3}"
EndProject
Project("{FAE04EC0-301F-11D3-BF4B-00C04F79EFBC}") = "Auther.TestUtils.Tests", "Auther.TestUtils.Tests\Auther.TestUtils.Tests.csproj", "{98494B8E-7127-42A2-92B0-F88CAD1B7B1C}"
EndProject
Global
	GlobalSection(SolutionConfigurationPlatforms) = preSolution
		Debug|Any CPU = Debug|Any CPU
		Release|Any CPU = Release|Any CPU
	EndGlobalSection
	GlobalSection(ProjectConfigurationPlatforms) = postSolution
		{D7293EC4-996E-418F-838B-E2CBDC25672B}.Debug|Any CPU.ActiveCfg = Debug|Any CPU
		{D7293EC4-996E-418F-838B-E2CBDC25672B}.Debug|Any CPU.Build.0 = Debug|Any CPU
		{D7293EC4-996E-418F-838B-E2CBDC25672B}.Release|Any CPU.ActiveCfg = Release|Any CPU
		{D7293EC4-996E-418F-838B-E2CBDC25672B}.Release|Any CPU.Build.0 = Release|Any CPU
		{EC1D21AE-0AB0-483C-9A47-67ABEE0213AA}.Debug|Any CPU.ActiveCfg = Debug|Any CPU
		{EC1D21AE-0AB0-483C-9A47-67ABEE0213AA}.Debug|Any CPU.Build.0 = Debug|Any CPU
		{EC1D21AE-0AB0-483C-9A47-67ABEE0213AA}.Release|Any CPU.ActiveCfg = Release|Any CPU
		{EC1D21AE-0AB0-483C-9A47-67ABEE0213AA}.Release|Any CPU.Build.0 = Release|Any CPU
		{7A17D9CD-22BF-420A-8B14-75CEE27211B3}.Debug|Any CPU.ActiveCfg = Debug|Any CPU
		{7A17D9CD-22BF-420A-8B14-75CEE27211B3}.Debug|Any CPU.Build.0 = Debug|Any CPU
		{7A17D9CD-22BF-420A-8B14-75CEE27211B3}.Release|Any CPU.ActiveCfg = Release|Any CPU
		{7A17D9CD-22BF-420A-8B14-75CEE27211B3}.Release|Any CPU.Build.0 = Release|Any CPU
		{98494B8E-7127-42A2-92B0-F88CAD1B7B1C}.Debug|Any CPU.ActiveCfg = Debug|Any CPU
		{98494B8E-7127-42A2-92B0-F88CAD1B7B1C}.Debug|Any CPU.Build.0 = Debug|Any CPU
		{98494B8E-7127-42A2-92B0-F88CAD1B7B1C}.Release|Any CPU.ActiveCfg = Release|Any CPU
		{98494B8E-7127-42A2-92B0-F88CAD1B7B1C}.Release|Any CPU.Build.0 = Release|Any CPU
	EndGlobalSection
	GlobalSection(SolutionProperties) = preSolution
		HideSolutionNode = FALSE
	EndGlobalSection
	GlobalSection(ExtensibilityGlobals) = postSolution
		SolutionGuid = {677890ED-85D4-47F2-AD3B-41AC541D4C4D}
	EndGlobalSection
EndGlobal
